Microsoft Visual Studio Solution File, Format Version 11.00
# Visual Studio 2008

Project("{C774E9FB-7A0C-0D97-CADA-A4AD94C26D1C}") = "LoadBinaryStlFile", "Assembly-CSharp-firstpass-vs.csproj", "{90D68043-7EA4-F962-FF81-5332B53E954F}"
EndProject
Project("{C774E9FB-7A0C-0D97-CADA-A4AD94C26D1C}") = "LoadBinaryStlFile", "Assembly-CSharp-vs.csproj", "{09496D54-9084-5935-17A3-A57E0E37FEFD}"
EndProject
Global
	GlobalSection(SolutionConfigurationPlatforms) = preSolution
		Debug|Any CPU = Debug|Any CPU
		Release|Any CPU = Release|Any CPU
	EndGlobalSection
	GlobalSection(ProjectConfigurationPlatforms) = postSolution
		{90D68043-7EA4-F962-FF81-5332B53E954F}.Debug|Any CPU.ActiveCfg = Debug|Any CPU
		{90D68043-7EA4-F962-FF81-5332B53E954F}.Debug|Any CPU.Build.0 = Debug|Any CPU
		{90D68043-7EA4-F962-FF81-5332B53E954F}.Release|Any CPU.ActiveCfg = Release|Any CPU
		{90D68043-7EA4-F962-FF81-5332B53E954F}.Release|Any CPU.Build.0 = Release|Any CPU
		{09496D54-9084-5935-17A3-A57E0E37FEFD}.Debug|Any CPU.ActiveCfg = Debug|Any CPU
		{09496D54-9084-5935-17A3-A57E0E37FEFD}.Debug|Any CPU.Build.0 = Debug|Any CPU
		{09496D54-9084-5935-17A3-A57E0E37FEFD}.Release|Any CPU.ActiveCfg = Release|Any CPU
		{09496D54-9084-5935-17A3-A57E0E37FEFD}.Release|Any CPU.Build.0 = Release|Any CPU
	EndGlobalSection
	GlobalSection(SolutionProperties) = preSolution
		HideSolutionNode = FALSE
	EndGlobalSection
																																		GlobalSection(MonoDevelopProperties) = preSolution
		StartupItem = Assembly-CSharp.csproj
		Policies = $0
		$0.TextStylePolicy = $1
		$1.inheritsSet = null
		$1.scope = text/x-csharp
		$0.CSharpFormattingPolicy = $2
		$2.inheritsSet = Mono
		$2.inheritsScope = text/x-csharp
		$2.scope = text/x-csharp
		$0.TextStylePolicy = $3
		$3.FileWidth = 120
		$3.TabWidth = 4
		$3.EolMarker = Unix
		$3.inheritsSet = Mono
		$3.inheritsScope = text/plain
		$3.scope = text/plain
	EndGlobalSection

EndGlobal
